
Microsoft Visual Studio Solution File, Format Version 12.00
# Visual Studio 2015
Project("{FAE04EC0-301F-11D3-BF4B-00C04F79EFBC}") = "CSE165Project1.Plugins", "CSE165Project1.Plugins.csproj", "{B0A2DB7E-3814-9B2D-491E-C3B6EFC2481A}"
EndProject
Project("{FAE04EC0-301F-11D3-BF4B-00C04F79EFBC}") = "CSE165Project1", "CSE165Project1.csproj", "{3AD3470A-7ACF-59EA-AB58-9ECF1514F5BF}"
EndProject
Project("{FAE04EC0-301F-11D3-BF4B-00C04F79EFBC}") = "CSE165Project1.Editor.Plugins", "CSE165Project1.Editor.Plugins.csproj", "{F9B8E7A0-875F-D101-0909-9D7810279D01}"
EndProject
Global
	GlobalSection(SolutionConfigurationPlatforms) = preSolution
		Debug|Any CPU = Debug|Any CPU
		Release|Any CPU = Release|Any CPU
	EndGlobalSection
	GlobalSection(ProjectConfigurationPlatforms) = postSolution
		{B0A2DB7E-3814-9B2D-491E-C3B6EFC2481A}.Debug|Any CPU.ActiveCfg = Debug|Any CPU
		{B0A2DB7E-3814-9B2D-491E-C3B6EFC2481A}.Debug|Any CPU.Build.0 = Debug|Any CPU
		{B0A2DB7E-3814-9B2D-491E-C3B6EFC2481A}.Release|Any CPU.ActiveCfg = Release|Any CPU
		{B0A2DB7E-3814-9B2D-491E-C3B6EFC2481A}.Release|Any CPU.Build.0 = Release|Any CPU
		{3AD3470A-7ACF-59EA-AB58-9ECF1514F5BF}.Debug|Any CPU.ActiveCfg = Debug|Any CPU
		{3AD3470A-7ACF-59EA-AB58-9ECF1514F5BF}.Debug|Any CPU.Build.0 = Debug|Any CPU
		{3AD3470A-7ACF-59EA-AB58-9ECF1514F5BF}.Release|Any CPU.ActiveCfg = Release|Any CPU
		{3AD3470A-7ACF-59EA-AB58-9ECF1514F5BF}.Release|Any CPU.Build.0 = Release|Any CPU
		{F9B8E7A0-875F-D101-0909-9D7810279D01}.Debug|Any CPU.ActiveCfg = Debug|Any CPU
		{F9B8E7A0-875F-D101-0909-9D7810279D01}.Debug|Any CPU.Build.0 = Debug|Any CPU
		{F9B8E7A0-875F-D101-0909-9D7810279D01}.Release|Any CPU.ActiveCfg = Release|Any CPU
		{F9B8E7A0-875F-D101-0909-9D7810279D01}.Release|Any CPU.Build.0 = Release|Any CPU
	EndGlobalSection
	GlobalSection(SolutionProperties) = preSolution
		HideSolutionNode = FALSE
	EndGlobalSection
EndGlobal
